Microsoft Visual Studio Solution File, Format Version 12.00
# Visual Studio Version 17
VisualStudioVersion = 17.5.2.0
MinimumVisualStudioVersion = 10.0.40219.1
Project("{FAE04EC0-301F-11D3-BF4B-00C04F79EFBC}") = "CarteDeCredit.API", "CarteDeCredit.API.csproj", "{18793A52-AEF3-0FE7-06B3-8C57536875BC}"
EndProject
Global
	GlobalSection(SolutionConfigurationPlatforms) = preSolution
		Debug|Any CPU = Debug|Any CPU
		Release|Any CPU = Release|Any CPU
	EndGlobalSection
	GlobalSection(ProjectConfigurationPlatforms) = postSolution
		{18793A52-AEF3-0FE7-06B3-8C57536875BC}.Debug|Any CPU.ActiveCfg = Debug|Any CPU
		{18793A52-AEF3-0FE7-06B3-8C57536875BC}.Debug|Any CPU.Build.0 = Debug|Any CPU
		{18793A52-AEF3-0FE7-06B3-8C57536875BC}.Release|Any CPU.ActiveCfg = Release|Any CPU
		{18793A52-AEF3-0FE7-06B3-8C57536875BC}.Release|Any CPU.Build.0 = Release|Any CPU
	EndGlobalSection
	GlobalSection(SolutionProperties) = preSolution
		HideSolutionNode = FALSE
	EndGlobalSection
	GlobalSection(ExtensibilityGlobals) = postSolution
		SolutionGuid = {3D4C44E4-F06B-4544-98BD-31C50D3C34E9}
	EndGlobalSection
EndGlobal
